{
  "name": "llamaindex-agentic-retrievers-with-fga",
  "version": "0.0.0",
  "lockfileVersion": 3,
  "requires": true,
  "packages": {
    "": {
      "name": "llamaindex-agentic-retrievers-with-fga",
      "version": "0.0.0",
      "license": "Apache-2.0",
      "dependencies": {
        "@auth0/ai-llamaindex": "../../packages/auth0-ai-llamaindex-0.0.0.tgz",
        "@llamaindex/readers": "^3.1.21",
        "@openfga/sdk": "^0.8.0",
        "dotenv": "^17.2.3",
        "llamaindex": "^0.11.28"
      }
    },
    "node_modules/@auth0/ai": {
      "version": "0.0.0",
      "resolved": "file:../../packages/auth0-ai-0.0.0.tgz",
      "integrity": "sha512-MHHhqlwWywm81LDO6tLuqiFrL+7c43A6cAD9r54DLObaUlU8azziY4GdkJeNKm6PXXTntD2YxjZwrwjxmPiHYA==",
      "license": "Apache-2.0",
      "dependencies": {
        "@openfga/sdk": "^0.8.0",
        "auth0": "^4.30.0",
        "jose": "^5.9.6",
        "openid-client": "^6.1.7",
        "stable-hash": "^0.0.5",
        "tempbox": "^1.1.1",
        "zod": "^3.25.76"
      }
    },
    "node_modules/@auth0/ai-llamaindex": {
      "version": "0.0.0",
      "resolved": "file:../../packages/auth0-ai-llamaindex-0.0.0.tgz",
      "integrity": "sha512-RPIUBSQGmgbbzkjk01TPsLTj8ZTtxlKhGMqcgWdtsFDnTWwYOQ8P1wDOp38drNkygmEII5NFgtKoa3q2U0jm4Q==",
      "license": "Apache-2.0",
      "dependencies": {
        "@auth0/ai": "*",
        "@llamaindex/openai": "^0.4.18",
        "html-to-text": "^9.0.5",
        "llamaindex": "^0.11.28",
        "lodash": "^4.17.21",
        "magic-bytes.js": "^1.10.0"
      },
      "peerDependencies": {
        "@openfga/sdk": "^0.8.0"
      }
    },
    "node_modules/@auth0/ai/node_modules/zod": {
      "version": "3.25.76",
      "resolved": "https://a0us.jfrog.io/artifactory/api/npm/npm/zod/-/zod-3.25.76.tgz",
      "integrity": "sha512-gzUt/qt81nXsFGKIFcC3YnfEAx5NkunCfnDlvuBSSFS02bcXu4Lmea0AFIUwbLWxWPx3d9p8S5QoaujKcNQxcQ==",
      "funding": {
        "url": "https://github.com/sponsors/colinhacks"
      }
    },
    "node_modules/@aws-crypto/sha256-js": {
      "version": "5.2.0",
      "license": "Apache-2.0",
      "dependencies": {
        "@aws-crypto/util": "^5.2.0",
        "@aws-sdk/types": "^3.222.0",
        "tslib": "^2.6.2"
      },
      "engines": {
        "node": ">=16.0.0"
      }
    },
    "node_modules/@aws-crypto/util": {
      "version": "5.2.0",
      "license": "Apache-2.0",
      "dependencies": {
        "@aws-sdk/types": "^3.222.0",
        "@smithy/util-utf8": "^2.0.0",
        "tslib": "^2.6.2"
      }
    },
    "node_modules/@aws-sdk/types": {
      "version": "3.901.0",
      "license": "Apache-2.0",
      "dependencies": {
        "@smithy/types": "^4.6.0",
        "tslib": "^2.6.2"
      },
      "engines": {
        "node": ">=18.0.0"
      }
    },
    "node_modules/@discoveryjs/json-ext": {
      "version": "0.6.3",
      "license": "MIT",
      "engines": {
        "node": ">=14.17.0"
      }
    },
    "node_modules/@finom/zod-to-json-schema": {
      "version": "3.24.11",
      "license": "ISC",
      "peerDependencies": {
        "zod": "^4.0.14"
      }
    },
    "node_modules/@llamaindex/core": {
      "version": "0.6.22",
      "resolved": "https://a0us.jfrog.io/artifactory/api/npm/npm/@llamaindex/core/-/core-0.6.22.tgz",
      "integrity": "sha512-/BXyemkvpxMaUhOkbwJ2PTvzKjSWkL8+6QLpz/n+pk8xBwMMe1GVBgli/J57gCyi8GbrlBafBj6GaPOgWub2Eg==",
      "peer": true,
      "dependencies": {
        "@finom/zod-to-json-schema": "3.24.11",
        "@llamaindex/env": "0.1.30",
        "@types/node": "^24.0.13",
        "magic-bytes.js": "^1.10.0",
        "zod": "^4.1.5"
      }
    },
    "node_modules/@llamaindex/env": {
      "version": "0.1.30",
      "dependencies": {
        "@aws-crypto/sha256-js": "^5.2.0",
        "js-tiktoken": "^1.0.12",
        "pathe": "^1.1.2"
      },
      "peerDependencies": {
        "@huggingface/transformers": "^3.5.0",
        "gpt-tokenizer": "^2.5.0"
      },
      "peerDependenciesMeta": {
        "@huggingface/transformers": {
          "optional": true
        },
        "gpt-tokenizer": {
          "optional": true
        }
      }
    },
    "node_modules/@llamaindex/openai": {
      "version": "0.4.20",
      "resolved": "https://a0us.jfrog.io/artifactory/api/npm/npm/@llamaindex/openai/-/openai-0.4.20.tgz",
      "integrity": "sha512-b2wTBkSELAszdJ6Eh2KrLHZvcDQ5UUotaThyNq76b22rYEBs2YOgVbbLUBXXWOLxkEHntVRt99ZcVtsOYlLg+w==",
      "dependencies": {
        "openai": "^5.12.0"
      },
      "peerDependencies": {
        "@llamaindex/core": "0.6.22",
        "@llamaindex/env": "0.1.30"
      }
    },
    "node_modules/@llamaindex/openai/node_modules/openai": {
      "version": "5.23.2",
      "resolved": "https://a0us.jfrog.io/artifactory/api/npm/npm/openai/-/openai-5.23.2.tgz",
      "integrity": "sha512-MQBzmTulj+MM5O8SKEk/gL8a7s5mktS9zUtAkU257WjvobGc9nKcBuVwjyEEcb9SI8a8Y2G/mzn3vm9n1Jlleg==",
      "license": "Apache-2.0",
      "bin": {
        "openai": "bin/cli"
      },
      "peerDependencies": {
        "ws": "^8.18.0",
        "zod": "^3.23.8"
      },
      "peerDependenciesMeta": {
        "ws": {
          "optional": true
        },
        "zod": {
          "optional": true
        }
      }
    },
    "node_modules/@llamaindex/openai/node_modules/zod": {
      "version": "3.25.76",
      "resolved": "https://a0us.jfrog.io/artifactory/api/npm/npm/zod/-/zod-3.25.76.tgz",
      "integrity": "sha512-gzUt/qt81nXsFGKIFcC3YnfEAx5NkunCfnDlvuBSSFS02bcXu4Lmea0AFIUwbLWxWPx3d9p8S5QoaujKcNQxcQ==",
      "license": "MIT",
      "optional": true,
      "peer": true,
      "funding": {
        "url": "https://github.com/sponsors/colinhacks"
      }
    },
    "node_modules/@llamaindex/readers": {
      "version": "3.1.21",
      "dependencies": {
        "@discoveryjs/json-ext": "^0.6.1",
        "@xmldom/xmldom": "^0.9.8",
        "csv-parse": "^5.5.6",
        "mammoth": "^1.7.2",
        "unpdf": "^0.12.1"
      },
      "peerDependencies": {
        "@llamaindex/core": "0.6.22",
        "@llamaindex/env": "0.1.30"
      }
    },
    "node_modules/@llamaindex/workflow-core": {
      "version": "1.3.3",
      "resolved": "https://a0us.jfrog.io/artifactory/api/npm/npm/@llamaindex/workflow-core/-/workflow-core-1.3.3.tgz",
      "integrity": "sha512-WJIcD4K2suGbNkwU5CC70jKKrA5tARba42nMs8Pou1RGzmoxqg+K+b7vyLBmiDtImR8P40YLmkayCIRVQPBmsg==",
      "peerDependencies": {
        "@modelcontextprotocol/sdk": "^1.7.0",
        "hono": "^4.7.4",
        "next": "^15.2.2",
        "p-retry": "^6.2.1",
        "rxjs": "^7.8.2",
        "zod": "^3.25.0 || ^4.0.0"
      },
      "peerDependenciesMeta": {
        "@modelcontextprotocol/sdk": {
          "optional": true
        },
        "hono": {
          "optional": true
        },
        "next": {
          "optional": true
        },
        "p-retry": {
          "optional": true
        },
        "rxjs": {
          "optional": true
        },
        "zod": {
          "optional": true
        }
      }
    },
    "node_modules/@openfga/sdk": {
      "version": "0.8.1",
      "license": "Apache-2.0",
      "dependencies": {
        "@opentelemetry/api": "^1.9.0",
        "axios": "^1.8.3",
        "tiny-async-pool": "^2.1.0"
      },
      "engines": {
        "node": ">=16.15.0"
      }
    },
    "node_modules/@opentelemetry/api": {
      "version": "1.9.0",
      "license": "Apache-2.0",
      "engines": {
        "node": ">=8.0.0"
      }
    },
    "node_modules/@selderee/plugin-htmlparser2": {
      "version": "0.11.0",
      "license": "MIT",
      "dependencies": {
        "domhandler": "^5.0.3",
        "selderee": "^0.11.0"
      },
      "funding": {
        "url": "https://ko-fi.com/killymxi"
      }
    },
    "node_modules/@smithy/is-array-buffer": {
      "version": "2.2.0",
      "license": "Apache-2.0",
      "dependencies": {
        "tslib": "^2.6.2"
      },
      "engines": {
        "node": ">=14.0.0"
      }
    },
    "node_modules/@smithy/types": {
      "version": "4.6.0",
      "license": "Apache-2.0",
      "dependencies": {
        "tslib": "^2.6.2"
      },
      "engines": {
        "node": ">=18.0.0"
      }
    },
    "node_modules/@smithy/util-buffer-from": {
      "version": "2.2.0",
      "license": "Apache-2.0",
      "dependencies": {
        "@smithy/is-array-buffer": "^2.2.0",
        "tslib": "^2.6.2"
      },
      "engines": {
        "node": ">=14.0.0"
      }
    },
    "node_modules/@smithy/util-utf8": {
      "version": "2.3.0",
      "license": "Apache-2.0",
      "dependencies": {
        "@smithy/util-buffer-from": "^2.2.0",
        "tslib": "^2.6.2"
      },
      "engines": {
        "node": ">=14.0.0"
      }
    },
    "node_modules/@types/lodash": {
      "version": "4.17.20",
      "license": "MIT"
    },
    "node_modules/@types/node": {
      "version": "24.7.0",
      "license": "MIT",
      "dependencies": {
        "undici-types": "~7.14.0"
      }
    },
    "node_modules/@types/node/node_modules/undici-types": {
      "version": "7.14.0",
      "license": "MIT"
    },
    "node_modules/@types/retry": {
      "version": "0.12.2",
      "resolved": "https://a0us.jfrog.io/artifactory/api/npm/npm/@types/retry/-/retry-0.12.2.tgz",
      "integrity": "sha512-XISRgDJ2Tc5q4TRqvgJtzsRkFYNJzZrhTdtMoGVBttwzzQJkPnS3WWTFc7kuDRoPtPakl+T+OfdEUjYJj7Jbow=="
    },
    "node_modules/@xmldom/xmldom": {
      "version": "0.9.8",
      "license": "MIT",
      "engines": {
        "node": ">=14.6"
      }
    },
    "node_modules/argparse": {
      "version": "1.0.10",
      "license": "MIT",
      "dependencies": {
        "sprintf-js": "~1.0.2"
      }
    },
    "node_modules/asynckit": {
      "version": "0.4.0",
      "license": "MIT"
    },
    "node_modules/auth0": {
      "version": "4.31.0",
      "license": "MIT",
      "dependencies": {
        "jose": "^4.13.2",
        "undici-types": "^6.15.0",
        "uuid": "^9.0.0"
      },
      "engines": {
        "node": ">=18"
      }
    },
    "node_modules/auth0/node_modules/jose": {
      "version": "4.15.9",
      "license": "MIT",
      "funding": {
        "url": "https://github.com/sponsors/panva"
      }
    },
    "node_modules/axios": {
      "version": "1.12.2",
      "license": "MIT",
      "dependencies": {
        "follow-redirects": "^1.15.6",
        "form-data": "^4.0.4",
        "proxy-from-env": "^1.1.0"
      }
    },
    "node_modules/base64-js": {
      "version": "1.5.1",
      "funding": [
        {
          "type": "github",
          "url": "https://github.com/sponsors/feross"
        },
        {
          "type": "patreon",
          "url": "https://www.patreon.com/feross"
        },
        {
          "type": "consulting",
          "url": "https://feross.org/support"
        }
      ],
      "license": "MIT"
    },
    "node_modules/bluebird": {
      "version": "3.4.7",
      "license": "MIT"
    },
    "node_modules/call-bind-apply-helpers": {
      "version": "1.0.2",
      "license": "MIT",
      "dependencies": {
        "es-errors": "^1.3.0",
        "function-bind": "^1.1.2"
      },
      "engines": {
        "node": ">= 0.4"
      }
    },
    "node_modules/combined-stream": {
      "version": "1.0.8",
      "license": "MIT",
      "dependencies": {
        "delayed-stream": "~1.0.0"
      },
      "engines": {
        "node": ">= 0.8"
      }
    },
    "node_modules/core-util-is": {
      "version": "1.0.3",
      "license": "MIT"
    },
    "node_modules/csv-parse": {
      "version": "5.6.0",
      "license": "MIT"
    },
    "node_modules/deepmerge": {
      "version": "4.3.1",
      "license": "MIT",
      "engines": {
        "node": ">=0.10.0"
      }
    },
    "node_modules/delayed-stream": {
      "version": "1.0.0",
      "license": "MIT",
      "engines": {
        "node": ">=0.4.0"
      }
    },
    "node_modules/dingbat-to-unicode": {
      "version": "1.0.1",
      "license": "BSD-2-Clause"
    },
    "node_modules/dom-serializer": {
      "version": "2.0.0",
      "license": "MIT",
      "dependencies": {
        "domelementtype": "^2.3.0",
        "domhandler": "^5.0.2",
        "entities": "^4.2.0"
      },
      "funding": {
        "url": "https://github.com/cheeriojs/dom-serializer?sponsor=1"
      }
    },
    "node_modules/domelementtype": {
      "version": "2.3.0",
      "funding": [
        {
          "type": "github",
          "url": "https://github.com/sponsors/fb55"
        }
      ],
      "license": "BSD-2-Clause"
    },
    "node_modules/domhandler": {
      "version": "5.0.3",
      "license": "BSD-2-Clause",
      "dependencies": {
        "domelementtype": "^2.3.0"
      },
      "engines": {
        "node": ">= 4"
      },
      "funding": {
        "url": "https://github.com/fb55/domhandler?sponsor=1"
      }
    },
    "node_modules/domutils": {
      "version": "3.2.2",
      "license": "BSD-2-Clause",
      "dependencies": {
        "dom-serializer": "^2.0.0",
        "domelementtype": "^2.3.0",
        "domhandler": "^5.0.3"
      },
      "funding": {
        "url": "https://github.com/fb55/domutils?sponsor=1"
      }
    },
    "node_modules/dotenv": {
      "version": "17.2.3",
      "license": "BSD-2-Clause",
      "engines": {
        "node": ">=12"
      },
      "funding": {
        "url": "https://dotenvx.com"
      }
    },
    "node_modules/duck": {
      "version": "0.1.12",
      "license": "BSD",
      "dependencies": {
        "underscore": "^1.13.1"
      }
    },
    "node_modules/dunder-proto": {
      "version": "1.0.1",
      "license": "MIT",
      "dependencies": {
        "call-bind-apply-helpers": "^1.0.1",
        "es-errors": "^1.3.0",
        "gopd": "^1.2.0"
      },
      "engines": {
        "node": ">= 0.4"
      }
    },
    "node_modules/entities": {
      "version": "4.5.0",
      "license": "BSD-2-Clause",
      "engines": {
        "node": ">=0.12"
      },
      "funding": {
        "url": "https://github.com/fb55/entities?sponsor=1"
      }
    },
    "node_modules/es-define-property": {
      "version": "1.0.1",
      "license": "MIT",
      "engines": {
        "node": ">= 0.4"
      }
    },
    "node_modules/es-errors": {
      "version": "1.3.0",
      "license": "MIT",
      "engines": {
        "node": ">= 0.4"
      }
    },
    "node_modules/es-object-atoms": {
      "version": "1.1.1",
      "license": "MIT",
      "dependencies": {
        "es-errors": "^1.3.0"
      },
      "engines": {
        "node": ">= 0.4"
      }
    },
    "node_modules/es-set-tostringtag": {
      "version": "2.1.0",
      "license": "MIT",
      "dependencies": {
        "es-errors": "^1.3.0",
        "get-intrinsic": "^1.2.6",
        "has-tostringtag": "^1.0.2",
        "hasown": "^2.0.2"
      },
      "engines": {
        "node": ">= 0.4"
      }
    },
    "node_modules/follow-redirects": {
      "version": "1.15.11",
      "funding": [
        {
          "type": "individual",
          "url": "https://github.com/sponsors/RubenVerborgh"
        }
      ],
      "license": "MIT",
      "engines": {
        "node": ">=4.0"
      },
      "peerDependenciesMeta": {
        "debug": {
          "optional": true
        }
      }
    },
    "node_modules/form-data": {
      "version": "4.0.4",
      "license": "MIT",
      "dependencies": {
        "asynckit": "^0.4.0",
        "combined-stream": "^1.0.8",
        "es-set-tostringtag": "^2.1.0",
        "hasown": "^2.0.2",
        "mime-types": "^2.1.12"
      },
      "engines": {
        "node": ">= 6"
      }
    },
    "node_modules/function-bind": {
      "version": "1.1.2",
      "license": "MIT",
      "funding": {
        "url": "https://github.com/sponsors/ljharb"
      }
    },
    "node_modules/get-intrinsic": {
      "version": "1.3.0",
      "license": "MIT",
      "dependencies": {
        "call-bind-apply-helpers": "^1.0.2",
        "es-define-property": "^1.0.1",
        "es-errors": "^1.3.0",
        "es-object-atoms": "^1.1.1",
        "function-bind": "^1.1.2",
        "get-proto": "^1.0.1",
        "gopd": "^1.2.0",
        "has-symbols": "^1.1.0",
        "hasown": "^2.0.2",
        "math-intrinsics": "^1.1.0"
      },
      "engines": {
        "node": ">= 0.4"
      },
      "funding": {
        "url": "https://github.com/sponsors/ljharb"
      }
    },
    "node_modules/get-proto": {
      "version": "1.0.1",
      "license": "MIT",
      "dependencies": {
        "dunder-proto": "^1.0.1",
        "es-object-atoms": "^1.0.0"
      },
      "engines": {
        "node": ">= 0.4"
      }
    },
    "node_modules/gopd": {
      "version": "1.2.0",
      "license": "MIT",
      "engines": {
        "node": ">= 0.4"
      },
      "funding": {
        "url": "https://github.com/sponsors/ljharb"
      }
    },
    "node_modules/has-symbols": {
      "version": "1.1.0",
      "license": "MIT",
      "engines": {
        "node": ">= 0.4"
      },
      "funding": {
        "url": "https://github.com/sponsors/ljharb"
      }
    },
    "node_modules/has-tostringtag": {
      "version": "1.0.2",
      "license": "MIT",
      "dependencies": {
        "has-symbols": "^1.0.3"
      },
      "engines": {
        "node": ">= 0.4"
      },
      "funding": {
        "url": "https://github.com/sponsors/ljharb"
      }
    },
    "node_modules/hasown": {
      "version": "2.0.2",
      "license": "MIT",
      "dependencies": {
        "function-bind": "^1.1.2"
      },
      "engines": {
        "node": ">= 0.4"
      }
    },
    "node_modules/html-to-text": {
      "version": "9.0.5",
      "license": "MIT",
      "dependencies": {
        "@selderee/plugin-htmlparser2": "^0.11.0",
        "deepmerge": "^4.3.1",
        "dom-serializer": "^2.0.0",
        "htmlparser2": "^8.0.2",
        "selderee": "^0.11.0"
      },
      "engines": {
        "node": ">=14"
      }
    },
    "node_modules/htmlparser2": {
      "version": "8.0.2",
      "funding": [
        "https://github.com/fb55/htmlparser2?sponsor=1",
        {
          "type": "github",
          "url": "https://github.com/sponsors/fb55"
        }
      ],
      "license": "MIT",
      "dependencies": {
        "domelementtype": "^2.3.0",
        "domhandler": "^5.0.3",
        "domutils": "^3.0.1",
        "entities": "^4.4.0"
      }
    },
    "node_modules/immediate": {
      "version": "3.0.6",
      "license": "MIT"
    },
    "node_modules/inherits": {
      "version": "2.0.4",
      "license": "ISC"
    },
    "node_modules/is-network-error": {
      "version": "1.3.0",
      "resolved": "https://a0us.jfrog.io/artifactory/api/npm/npm/is-network-error/-/is-network-error-1.3.0.tgz",
      "integrity": "sha512-6oIwpsgRfnDiyEDLMay/GqCl3HoAtH5+RUKW29gYkL0QA+ipzpDLA16yQs7/RHCSu+BwgbJaOUqa4A99qNVQVw==",
      "engines": {
        "node": ">=16"
      },
      "funding": {
        "url": "https://github.com/sponsors/sindresorhus"
      }
    },
    "node_modules/isarray": {
      "version": "1.0.0",
      "license": "MIT"
    },
    "node_modules/jose": {
      "version": "5.10.0",
      "license": "MIT",
      "funding": {
        "url": "https://github.com/sponsors/panva"
      }
    },
    "node_modules/js-tiktoken": {
      "version": "1.0.21",
      "license": "MIT",
      "dependencies": {
        "base64-js": "^1.5.1"
      }
    },
    "node_modules/jszip": {
      "version": "3.10.1",
      "license": "(MIT OR GPL-3.0-or-later)",
      "dependencies": {
        "lie": "~3.3.0",
        "pako": "~1.0.2",
        "readable-stream": "~2.3.6",
        "setimmediate": "^1.0.5"
      }
    },
    "node_modules/leac": {
      "version": "0.6.0",
      "license": "MIT",
      "funding": {
        "url": "https://ko-fi.com/killymxi"
      }
    },
    "node_modules/lie": {
      "version": "3.3.0",
      "license": "MIT",
      "dependencies": {
        "immediate": "~3.0.5"
      }
    },
    "node_modules/llamaindex": {
      "version": "0.11.29",
      "license": "MIT",
      "dependencies": {
        "@llamaindex/cloud": "4.1.3",
        "@llamaindex/core": "0.6.21",
        "@llamaindex/env": "0.1.30",
        "@llamaindex/node-parser": "2.0.21",
        "@llamaindex/workflow": "1.1.23",
        "@types/lodash": "^4.17.7",
        "@types/node": "^24.0.13",
        "lodash": "^4.17.21",
        "magic-bytes.js": "^1.10.0"
      },
      "engines": {
        "node": ">=18.0.0"
      }
    },
    "node_modules/llamaindex/node_modules/@llama-flow/core": {
      "version": "0.4.4",
      "resolved": "https://a0us.jfrog.io/artifactory/api/npm/npm/@llama-flow/core/-/core-0.4.4.tgz",
      "integrity": "sha512-hwK1EQ+atUG/E7XcDV3KsTaA8op29pb8gbpVurpsqbLnGFkdTT4F/6V7Hy1cC2o/yOY+DKc/rxoIsH1uJS0cZg==",
      "peer": true,
      "peerDependencies": {
        "@modelcontextprotocol/sdk": "^1.7.0",
        "hono": "^4.7.4",
        "next": "^15.2.2",
        "p-retry": "^6.2.1",
        "rxjs": "^7.8.2",
        "zod": "^3.24.2"
      },
      "peerDependenciesMeta": {
        "@modelcontextprotocol/sdk": {
          "optional": true
        },
        "hono": {
          "optional": true
        },
        "next": {
          "optional": true
        },
        "p-retry": {
          "optional": true
        },
        "rxjs": {
          "optional": true
        },
        "zod": {
          "optional": true
        }
      }
    },
    "node_modules/llamaindex/node_modules/@llamaindex/cloud": {
      "version": "4.1.3",
      "resolved": "https://a0us.jfrog.io/artifactory/api/npm/npm/@llamaindex/cloud/-/cloud-4.1.3.tgz",
      "integrity": "sha512-O4MgnYMDwSBYhmYAz067Xn8+QKb/QPJnyOqdRzY5qr6pV4jaygcvSM4XkUDyQLR0Vgxzi1waPsvUPBwWbP3l4Q==",
      "dependencies": {
        "p-retry": "^6.2.1",
        "zod": "^3.25.76"
      },
      "peerDependencies": {
        "@llama-flow/core": "^0.4.1",
        "@llamaindex/core": "0.6.21",
        "@llamaindex/env": "0.1.30"
      }
    },
    "node_modules/llamaindex/node_modules/@llamaindex/core": {
      "version": "0.6.21",
      "resolved": "https://a0us.jfrog.io/artifactory/api/npm/npm/@llamaindex/core/-/core-0.6.21.tgz",
      "integrity": "sha512-CtR7k5hVyH3AraXNvtjCxbNTJhjyrzdyLhfiFWtVu2a9+ct8uRYqM8YGHBsG6qgYtQUQjfZPWvo1nXpig9UCOw==",
      "dependencies": {
        "@finom/zod-to-json-schema": "3.24.11",
        "@llamaindex/env": "0.1.30",
        "@types/node": "^24.0.13",
        "magic-bytes.js": "^1.10.0",
        "zod": "^4.1.5"
      }
    },
    "node_modules/llamaindex/node_modules/@llamaindex/core/node_modules/zod": {
      "version": "4.1.12",
      "resolved": "https://a0us.jfrog.io/artifactory/api/npm/npm/zod/-/zod-4.1.12.tgz",
      "integrity": "sha512-JInaHOamG8pt5+Ey8kGmdcAcg3OL9reK8ltczgHTAwNhMys/6ThXHityHxVV2p3fkw/c+MAvBHFVYHFZDmjMCQ==",
      "funding": {
        "url": "https://github.com/sponsors/colinhacks"
      }
    },
    "node_modules/llamaindex/node_modules/@llamaindex/node-parser": {
      "version": "2.0.21",
      "resolved": "https://a0us.jfrog.io/artifactory/api/npm/npm/@llamaindex/node-parser/-/node-parser-2.0.21.tgz",
      "integrity": "sha512-TtUjYdvc2HJ/WWdS4N4ZdPsldgUUZKOOPpoVW6SdJBo3h0CfwHIbX/0wG26UqyJu7F8Pvu317GLoAJI4WUxyhg==",
      "dependencies": {
        "html-to-text": "^9.0.5"
      },
      "peerDependencies": {
        "@llamaindex/core": "0.6.21",
        "@llamaindex/env": "0.1.30",
        "tree-sitter": "^0.22.0",
        "web-tree-sitter": "^0.24.3"
      }
    },
    "node_modules/llamaindex/node_modules/@llamaindex/workflow": {
      "version": "1.1.23",
      "resolved": "https://a0us.jfrog.io/artifactory/api/npm/npm/@llamaindex/workflow/-/workflow-1.1.23.tgz",
      "integrity": "sha512-XlXM/FQo3iHvqlEFxW+QR4EYKcFHjh+7YB7cCO6kJMuTtLM0JHrTDKwvV7zC533tP+YktC20Y7bCzXKuMM13zA==",
      "dependencies": {
        "@llamaindex/workflow-core": "^1.3.2"
      },
      "peerDependencies": {
        "@llamaindex/core": "0.6.21",
        "@llamaindex/env": "0.1.30"
      }
    },
    "node_modules/llamaindex/node_modules/zod": {
      "version": "3.25.76",
      "resolved": "https://a0us.jfrog.io/artifactory/api/npm/npm/zod/-/zod-3.25.76.tgz",
      "integrity": "sha512-gzUt/qt81nXsFGKIFcC3YnfEAx5NkunCfnDlvuBSSFS02bcXu4Lmea0AFIUwbLWxWPx3d9p8S5QoaujKcNQxcQ==",
      "funding": {
        "url": "https://github.com/sponsors/colinhacks"
      }
    },
    "node_modules/lodash": {
      "version": "4.17.21",
      "license": "MIT"
    },
    "node_modules/lop": {
      "version": "0.4.2",
      "license": "BSD-2-Clause",
      "dependencies": {
        "duck": "^0.1.12",
        "option": "~0.2.1",
        "underscore": "^1.13.1"
      }
    },
    "node_modules/magic-bytes.js": {
      "version": "1.12.1",
      "license": "MIT"
    },
    "node_modules/mammoth": {
      "version": "1.11.0",
      "license": "BSD-2-Clause",
      "dependencies": {
        "@xmldom/xmldom": "^0.8.6",
        "argparse": "~1.0.3",
        "base64-js": "^1.5.1",
        "bluebird": "~3.4.0",
        "dingbat-to-unicode": "^1.0.1",
        "jszip": "^3.7.1",
        "lop": "^0.4.2",
        "path-is-absolute": "^1.0.0",
        "underscore": "^1.13.1",
        "xmlbuilder": "^10.0.0"
      },
      "bin": {
        "mammoth": "bin/mammoth"
      },
      "engines": {
        "node": ">=12.0.0"
      }
    },
    "node_modules/mammoth/node_modules/@xmldom/xmldom": {
      "version": "0.8.11",
      "license": "MIT",
      "engines": {
        "node": ">=10.0.0"
      }
    },
    "node_modules/math-intrinsics": {
      "version": "1.1.0",
      "license": "MIT",
      "engines": {
        "node": ">= 0.4"
      }
    },
    "node_modules/mime-db": {
      "version": "1.52.0",
      "license": "MIT",
      "engines": {
        "node": ">= 0.6"
      }
    },
    "node_modules/mime-types": {
      "version": "2.1.35",
      "license": "MIT",
      "dependencies": {
        "mime-db": "1.52.0"
      },
      "engines": {
        "node": ">= 0.6"
      }
    },
    "node_modules/node-addon-api": {
      "version": "8.5.0",
      "resolved": "https://a0us.jfrog.io/artifactory/api/npm/npm/node-addon-api/-/node-addon-api-8.5.0.tgz",
      "integrity": "sha512-/bRZty2mXUIFY/xU5HLvveNHlswNJej+RnxBjOMkidWfwZzgTbPG1E3K5TOxRLOR+5hX7bSofy8yf1hZevMS8A==",
      "peer": true,
      "engines": {
        "node": "^18 || ^20 || >= 21"
      }
    },
    "node_modules/node-gyp-build": {
      "version": "4.8.4",
      "resolved": "https://a0us.jfrog.io/artifactory/api/npm/npm/node-gyp-build/-/node-gyp-build-4.8.4.tgz",
      "integrity": "sha512-LA4ZjwlnUblHVgq0oBF3Jl/6h/Nvs5fzBLwdEF4nuxnFdsfajde4WfxtJr3CaiH+F6ewcIB/q4jQ4UzPyid+CQ==",
      "peer": true,
      "bin": {
        "node-gyp-build": "bin.js",
        "node-gyp-build-optional": "optional.js",
        "node-gyp-build-test": "build-test.js"
      }
    },
    "node_modules/oauth4webapi": {
      "version": "3.8.2",
      "license": "MIT",
      "funding": {
        "url": "https://github.com/sponsors/panva"
      }
    },
    "node_modules/openid-client": {
      "version": "6.8.1",
      "license": "MIT",
      "dependencies": {
        "jose": "^6.1.0",
        "oauth4webapi": "^3.8.2"
      },
      "funding": {
        "url": "https://github.com/sponsors/panva"
      }
    },
    "node_modules/openid-client/node_modules/jose": {
      "version": "6.1.0",
      "license": "MIT",
      "funding": {
        "url": "https://github.com/sponsors/panva"
      }
    },
    "node_modules/option": {
      "version": "0.2.4",
      "license": "BSD-2-Clause"
    },
    "node_modules/p-retry": {
      "version": "6.2.1",
      "resolved": "https://a0us.jfrog.io/artifactory/api/npm/npm/p-retry/-/p-retry-6.2.1.tgz",
      "integrity": "sha512-hEt02O4hUct5wtwg4H4KcWgDdm+l1bOaEy/hWzd8xtXB9BqxTWBBhb+2ImAtH4Cv4rPjV76xN3Zumqk3k3AhhQ==",
      "dependencies": {
        "@types/retry": "0.12.2",
        "is-network-error": "^1.0.0",
        "retry": "^0.13.1"
      },
      "engines": {
        "node": ">=16.17"
      },
      "funding": {
        "url": "https://github.com/sponsors/sindresorhus"
      }
    },
    "node_modules/pako": {
      "version": "1.0.11",
      "license": "(MIT AND Zlib)"
    },
    "node_modules/parseley": {
      "version": "0.12.1",
      "license": "MIT",
      "dependencies": {
        "leac": "^0.6.0",
        "peberminta": "^0.9.0"
      },
      "funding": {
        "url": "https://ko-fi.com/killymxi"
      }
    },
    "node_modules/path-is-absolute": {
      "version": "1.0.1",
      "license": "MIT",
      "engines": {
        "node": ">=0.10.0"
      }
    },
    "node_modules/pathe": {
      "version": "1.1.2",
      "license": "MIT"
    },
    "node_modules/peberminta": {
      "version": "0.9.0",
      "license": "MIT",
      "funding": {
        "url": "https://ko-fi.com/killymxi"
      }
    },
    "node_modules/process-nextick-args": {
      "version": "2.0.1",
      "license": "MIT"
    },
    "node_modules/proxy-from-env": {
      "version": "1.1.0",
      "license": "MIT"
    },
    "node_modules/readable-stream": {
      "version": "2.3.8",
      "license": "MIT",
      "dependencies": {
        "core-util-is": "~1.0.0",
        "inherits": "~2.0.3",
        "isarray": "~1.0.0",
        "process-nextick-args": "~2.0.0",
        "safe-buffer": "~5.1.1",
        "string_decoder": "~1.1.1",
        "util-deprecate": "~1.0.1"
      }
    },
    "node_modules/retry": {
      "version": "0.13.1",
      "resolved": "https://a0us.jfrog.io/artifactory/api/npm/npm/retry/-/retry-0.13.1.tgz",
      "integrity": "sha512-XQBQ3I8W1Cge0Seh+6gjj03LbmRFWuoszgK9ooCpwYIrhhoO80pfq4cUkU5DkknwfOfFteRwlZ56PYOGYyFWdg==",
      "engines": {
        "node": ">= 4"
      }
    },
    "node_modules/safe-buffer": {
      "version": "5.1.2",
      "license": "MIT"
    },
    "node_modules/selderee": {
      "version": "0.11.0",
      "license": "MIT",
      "dependencies": {
        "parseley": "^0.12.0"
      },
      "funding": {
        "url": "https://ko-fi.com/killymxi"
      }
    },
    "node_modules/setimmediate": {
      "version": "1.0.5",
      "license": "MIT"
    },
    "node_modules/sprintf-js": {
      "version": "1.0.3",
      "license": "BSD-3-Clause"
    },
    "node_modules/stable-hash": {
      "version": "0.0.5",
      "license": "MIT"
    },
    "node_modules/string_decoder": {
      "version": "1.1.1",
      "license": "MIT",
      "dependencies": {
        "safe-buffer": "~5.1.0"
      }
    },
    "node_modules/tempbox": {
      "version": "1.1.1",
      "license": "MIT",
      "dependencies": {
        "tinyqueue": "^3.0.0"
      }
    },
    "node_modules/tiny-async-pool": {
      "version": "2.1.0",
      "license": "MIT"
    },
    "node_modules/tinyqueue": {
      "version": "3.0.0",
      "license": "ISC"
    },
    "node_modules/tree-sitter": {
      "version": "0.22.4",
      "resolved": "https://a0us.jfrog.io/artifactory/api/npm/npm/tree-sitter/-/tree-sitter-0.22.4.tgz",
      "integrity": "sha512-usbHZP9/oxNsUY65MQUsduGRqDHQOou1cagUSwjhoSYAmSahjQDAVsh9s+SlZkn8X8+O1FULRGwHu7AFP3kjzg==",
      "hasInstallScript": true,
      "peer": true,
      "dependencies": {
        "node-addon-api": "^8.3.0",
        "node-gyp-build": "^4.8.4"
      }
    },
    "node_modules/tslib": {
      "version": "2.8.1",
      "license": "0BSD"
    },
    "node_modules/underscore": {
      "version": "1.13.7",
      "license": "MIT"
    },
    "node_modules/undici-types": {
      "version": "6.21.0",
      "license": "MIT"
    },
    "node_modules/unpdf": {
      "version": "0.12.2",
      "license": "MIT",
      "optionalDependencies": {
        "canvas": "^2.11.2"
      }
    },
    "node_modules/util-deprecate": {
      "version": "1.0.2",
      "license": "MIT"
    },
    "node_modules/uuid": {
      "version": "9.0.1",
      "funding": [
        "https://github.com/sponsors/broofa",
        "https://github.com/sponsors/ctavan"
      ],
      "license": "MIT",
      "bin": {
        "uuid": "dist/bin/uuid"
      }
    },
    "node_modules/web-tree-sitter": {
      "version": "0.24.7",
      "resolved": "https://a0us.jfrog.io/artifactory/api/npm/npm/web-tree-sitter/-/web-tree-sitter-0.24.7.tgz",
      "integrity": "sha512-CdC/TqVFbXqR+C51v38hv6wOPatKEUGxa39scAeFSm98wIhZxAYonhRQPSMmfZ2w7JDI0zQDdzdmgtNk06/krQ==",
      "peer": true
    },
    "node_modules/xmlbuilder": {
      "version": "10.1.1",
      "license": "MIT",
      "engines": {
        "node": ">=4.0"
      }
    },
    "node_modules/zod": {
      "version": "4.1.12",
      "resolved": "https://a0us.jfrog.io/artifactory/api/npm/npm/zod/-/zod-4.1.12.tgz",
      "integrity": "sha512-JInaHOamG8pt5+Ey8kGmdcAcg3OL9reK8ltczgHTAwNhMys/6ThXHityHxVV2p3fkw/c+MAvBHFVYHFZDmjMCQ==",
      "peer": true,
      "funding": {
        "url": "https://github.com/sponsors/colinhacks"
      }
    }
  }
}
